
Microsoft Visual Studio Solution File, Format Version 12.00
# Visual Studio Version 17
VisualStudioVersion = 17.5.002.0
MinimumVisualStudioVersion = 10.0.40219.1
Project("{2150E333-8FDC-42A3-9474-1A3956D46DE8}") = "ApiGateways", "ApiGateways", "{948D7A6A-3320-41AB-B125-D90372A0920C}"
EndProject
Project("{9A19103F-16F7-4668-BE54-9A1E7A4F7556}") = "OcelotApiGw", "ApiGateways\OcelotApiGw\OcelotApiGw.csproj", "{3A766E7C-2E2C-4B02-B723-37D03A257742}"
EndProject
Project("{2150E333-8FDC-42A3-9474-1A3956D46DE8}") = "Services", "Services", "{4E4C9603-1F83-4267-AC53-E8324B393729}"
EndProject
Project("{2150E333-8FDC-42A3-9474-1A3956D46DE8}") = "Basket", "Basket", "{D09217C9-8BFE-40FA-8EF8-2819FBE98D74}"
EndProject
Project("{9A19103F-16F7-4668-BE54-9A1E7A4F7556}") = "Basket.API", "Services\Basket\Basket.API\Basket.API.csproj", "{F2DEE121-48CF-401E-B0FB-C74D84F78896}"
EndProject
Project("{2150E333-8FDC-42A3-9474-1A3956D46DE8}") = "Catelog", "Catelog", "{3D0C030A-FE50-4F18-9765-F02EB1178E86}"
EndProject
Project("{9A19103F-16F7-4668-BE54-9A1E7A4F7556}") = "Catalog.API", "Services\Catelog\Catalog.API\Catalog.API.csproj", "{6201AFF4-D545-45CF-8C95-8808CCEBBBA4}"
EndProject
Project("{2150E333-8FDC-42A3-9474-1A3956D46DE8}") = "Discount", "Discount", "{7D06BC4E-A804-4801-A137-ADDEDA5EC013}"
EndProject
Project("{9A19103F-16F7-4668-BE54-9A1E7A4F7556}") = "Discount.API", "Services\Discount\Discount.API\Discount.API.csproj", "{9BE877E2-C13F-4997-BC82-5876720B2381}"
EndProject
Project("{9A19103F-16F7-4668-BE54-9A1E7A4F7556}") = "Discount.Grpc", "Services\Discount\Discount.Grpc\Discount.Grpc.csproj", "{27DBAB4F-8EBA-4615-97B3-00FB618EE691}"
EndProject
Project("{2150E333-8FDC-42A3-9474-1A3956D46DE8}") = "Ordering", "Ordering", "{DA5ECFFC-2FA3-426E-B490-BB5F85B7E564}"
EndProject
Project("{9A19103F-16F7-4668-BE54-9A1E7A4F7556}") = "Ordering.API", "Services\Ordering\Ordering.API\Ordering.API.csproj", "{1F4854F2-6A21-4335-B625-5658E09001E0}"
EndProject
Project("{9A19103F-16F7-4668-BE54-9A1E7A4F7556}") = "Ordering.Application", "Services\Ordering\Ordering.Application\Ordering.Application.csproj", "{33794700-584C-456F-AABC-B4D9AC52C671}"
EndProject
Project("{9A19103F-16F7-4668-BE54-9A1E7A4F7556}") = "Ordering.Domain", "Services\Ordering\Ordering.Domain\Ordering.Domain.csproj", "{F9ABAEF6-6EB4-424F-8D45-F71E9080A5DE}"
EndProject
Project("{9A19103F-16F7-4668-BE54-9A1E7A4F7556}") = "Ordering.Infrastructure", "Services\Ordering\Ordering.Infrastructure\Ordering.Infrastructure.csproj", "{6A5B2754-10AA-4D0B-A56E-75C6D4D317F1}"
EndProject
Global
	GlobalSection(SolutionConfigurationPlatforms) = preSolution
		Debug|Any CPU = Debug|Any CPU
		Release|Any CPU = Release|Any CPU
	EndGlobalSection
	GlobalSection(ProjectConfigurationPlatforms) = postSolution
		{3A766E7C-2E2C-4B02-B723-37D03A257742}.Debug|Any CPU.ActiveCfg = Debug|Any CPU
		{3A766E7C-2E2C-4B02-B723-37D03A257742}.Debug|Any CPU.Build.0 = Debug|Any CPU
		{3A766E7C-2E2C-4B02-B723-37D03A257742}.Release|Any CPU.ActiveCfg = Release|Any CPU
		{3A766E7C-2E2C-4B02-B723-37D03A257742}.Release|Any CPU.Build.0 = Release|Any CPU
		{F2DEE121-48CF-401E-B0FB-C74D84F78896}.Debug|Any CPU.ActiveCfg = Debug|Any CPU
		{F2DEE121-48CF-401E-B0FB-C74D84F78896}.Debug|Any CPU.Build.0 = Debug|Any CPU
		{F2DEE121-48CF-401E-B0FB-C74D84F78896}.Release|Any CPU.ActiveCfg = Release|Any CPU
		{F2DEE121-48CF-401E-B0FB-C74D84F78896}.Release|Any CPU.Build.0 = Release|Any CPU
		{6201AFF4-D545-45CF-8C95-8808CCEBBBA4}.Debug|Any CPU.ActiveCfg = Debug|Any CPU
		{6201AFF4-D545-45CF-8C95-8808CCEBBBA4}.Debug|Any CPU.Build.0 = Debug|Any CPU
		{6201AFF4-D545-45CF-8C95-8808CCEBBBA4}.Release|Any CPU.ActiveCfg = Release|Any CPU
		{6201AFF4-D545-45CF-8C95-8808CCEBBBA4}.Release|Any CPU.Build.0 = Release|Any CPU
		{9BE877E2-C13F-4997-BC82-5876720B2381}.Debug|Any CPU.ActiveCfg = Debug|Any CPU
		{9BE877E2-C13F-4997-BC82-5876720B2381}.Debug|Any CPU.Build.0 = Debug|Any CPU
		{9BE877E2-C13F-4997-BC82-5876720B2381}.Release|Any CPU.ActiveCfg = Release|Any CPU
		{9BE877E2-C13F-4997-BC82-5876720B2381}.Release|Any CPU.Build.0 = Release|Any CPU
		{27DBAB4F-8EBA-4615-97B3-00FB618EE691}.Debug|Any CPU.ActiveCfg = Debug|Any CPU
		{27DBAB4F-8EBA-4615-97B3-00FB618EE691}.Debug|Any CPU.Build.0 = Debug|Any CPU
		{27DBAB4F-8EBA-4615-97B3-00FB618EE691}.Release|Any CPU.ActiveCfg = Release|Any CPU
		{27DBAB4F-8EBA-4615-97B3-00FB618EE691}.Release|Any CPU.Build.0 = Release|Any CPU
		{1F4854F2-6A21-4335-B625-5658E09001E0}.Debug|Any CPU.ActiveCfg = Debug|Any CPU
		{1F4854F2-6A21-4335-B625-5658E09001E0}.Debug|Any CPU.Build.0 = Debug|Any CPU
		{1F4854F2-6A21-4335-B625-5658E09001E0}.Release|Any CPU.ActiveCfg = Release|Any CPU
		{1F4854F2-6A21-4335-B625-5658E09001E0}.Release|Any CPU.Build.0 = Release|Any CPU
		{33794700-584C-456F-AABC-B4D9AC52C671}.Debug|Any CPU.ActiveCfg = Debug|Any CPU
		{33794700-584C-456F-AABC-B4D9AC52C671}.Debug|Any CPU.Build.0 = Debug|Any CPU
		{33794700-584C-456F-AABC-B4D9AC52C671}.Release|Any CPU.ActiveCfg = Release|Any CPU
		{33794700-584C-456F-AABC-B4D9AC52C671}.Release|Any CPU.Build.0 = Release|Any CPU
		{F9ABAEF6-6EB4-424F-8D45-F71E9080A5DE}.Debug|Any CPU.ActiveCfg = Debug|Any CPU
		{F9ABAEF6-6EB4-424F-8D45-F71E9080A5DE}.Debug|Any CPU.Build.0 = Debug|Any CPU
		{F9ABAEF6-6EB4-424F-8D45-F71E9080A5DE}.Release|Any CPU.ActiveCfg = Release|Any CPU
		{F9ABAEF6-6EB4-424F-8D45-F71E9080A5DE}.Release|Any CPU.Build.0 = Release|Any CPU
		{6A5B2754-10AA-4D0B-A56E-75C6D4D317F1}.Debug|Any CPU.ActiveCfg = Debug|Any CPU
		{6A5B2754-10AA-4D0B-A56E-75C6D4D317F1}.Debug|Any CPU.Build.0 = Debug|Any CPU
		{6A5B2754-10AA-4D0B-A56E-75C6D4D317F1}.Release|Any CPU.ActiveCfg = Release|Any CPU
		{6A5B2754-10AA-4D0B-A56E-75C6D4D317F1}.Release|Any CPU.Build.0 = Release|Any CPU
	EndGlobalSection
	GlobalSection(SolutionProperties) = preSolution
		HideSolutionNode = FALSE
	EndGlobalSection
	GlobalSection(NestedProjects) = preSolution
		{3A766E7C-2E2C-4B02-B723-37D03A257742} = {948D7A6A-3320-41AB-B125-D90372A0920C}
		{D09217C9-8BFE-40FA-8EF8-2819FBE98D74} = {4E4C9603-1F83-4267-AC53-E8324B393729}
		{F2DEE121-48CF-401E-B0FB-C74D84F78896} = {D09217C9-8BFE-40FA-8EF8-2819FBE98D74}
		{3D0C030A-FE50-4F18-9765-F02EB1178E86} = {4E4C9603-1F83-4267-AC53-E8324B393729}
		{6201AFF4-D545-45CF-8C95-8808CCEBBBA4} = {3D0C030A-FE50-4F18-9765-F02EB1178E86}
		{7D06BC4E-A804-4801-A137-ADDEDA5EC013} = {4E4C9603-1F83-4267-AC53-E8324B393729}
		{9BE877E2-C13F-4997-BC82-5876720B2381} = {7D06BC4E-A804-4801-A137-ADDEDA5EC013}
		{27DBAB4F-8EBA-4615-97B3-00FB618EE691} = {7D06BC4E-A804-4801-A137-ADDEDA5EC013}
		{DA5ECFFC-2FA3-426E-B490-BB5F85B7E564} = {4E4C9603-1F83-4267-AC53-E8324B393729}
		{1F4854F2-6A21-4335-B625-5658E09001E0} = {DA5ECFFC-2FA3-426E-B490-BB5F85B7E564}
		{33794700-584C-456F-AABC-B4D9AC52C671} = {DA5ECFFC-2FA3-426E-B490-BB5F85B7E564}
		{F9ABAEF6-6EB4-424F-8D45-F71E9080A5DE} = {DA5ECFFC-2FA3-426E-B490-BB5F85B7E564}
		{6A5B2754-10AA-4D0B-A56E-75C6D4D317F1} = {DA5ECFFC-2FA3-426E-B490-BB5F85B7E564}
	EndGlobalSection
	GlobalSection(ExtensibilityGlobals) = postSolution
		SolutionGuid = {270E90B4-44AD-43F8-A85E-8E1689287D95}
	EndGlobalSection
EndGlobal
